// !$*UTF8*$!
{
	archiveVersion = 1;
	classes = {
	};
	objectVersion = 55;
	objects = {

/* Begin PBXBuildFile section */
		6516A9CC2861CFDC00FE13EB /* AppDelegate.swift in Sources */ = {isa = PBXBuildFile; fileRef = 6516A9CB2861CFDC00FE13EB /* AppDelegate.swift */; };
		6516A9CE2861CFDC00FE13EB /* SceneDelegate.swift in Sources */ = {isa = PBXBuildFile; fileRef = 6516A9CD2861CFDC00FE13EB /* SceneDelegate.swift */; };
		6516A9D02861CFDC00FE13EB /* ViewController.swift in Sources */ = {isa = PBXBuildFile; fileRef = 6516A9CF2861CFDC00FE13EB /* ViewController.swift */; };
		6516A9D32861CFDC00FE13EB /* Main.storyboard in Resources */ = {isa = PBXBuildFile; fileRef = 6516A9D12861CFDC00FE13EB /* Main.storyboard */; };
		6516A9D52861CFDD00FE13EB /* Assets.xcassets in Resources */ = {isa = PBXBuildFile; fileRef = 6516A9D42861CFDD00FE13EB /* Assets.xcassets */; };
		6516A9D82861CFDD00FE13EB /* LaunchScreen.storyboard in Resources */ = {isa = PBXBuildFile; fileRef = 6516A9D62861CFDD00FE13EB /* LaunchScreen.storyboard */; };
		6516A9E32861CFDD00FE13EB /* MovieAppTests.swift in Sources */ = {isa = PBXBuildFile; fileRef = 6516A9E22861CFDD00FE13EB /* MovieAppTests.swift */; };
		6516A9ED2861CFDD00FE13EB /* MovieAppUITests.swift in Sources */ = {isa = PBXBuildFile; fileRef = 6516A9EC2861CFDD00FE13EB /* MovieAppUITests.swift */; };
		6516A9EF2861CFDD00FE13EB /* MovieAppUITestsLaunchTests.swift in Sources */ = {isa = PBXBuildFile; fileRef = 6516A9EE2861CFDD00FE13EB /* MovieAppUITestsLaunchTests.swift */; };
		6516A9FC2861D61000FE13EB /* MovieCell.swift in Sources */ = {isa = PBXBuildFile; fileRef = 6516A9FB2861D61000FE13EB /* MovieCell.swift */; };
		6516A9FE2864A2F800FE13EB /* MovieModel.swift in Sources */ = {isa = PBXBuildFile; fileRef = 6516A9FD2864A2F800FE13EB /* MovieModel.swift */; };
/* End PBXBuildFile section */

/* Begin PBXContainerItemProxy section */
		6516A9DF2861CFDD00FE13EB /* PBXContainerItemProxy */ = {
			isa = PBXContainerItemProxy;
			containerPortal = 6516A9C02861CFDC00FE13EB /* Project object */;
			proxyType = 1;
			remoteGlobalIDString = 6516A9C72861CFDC00FE13EB;
			remoteInfo = MovieApp;
		};
		6516A9E92861CFDD00FE13EB /* PBXContainerItemProxy */ = {
			isa = PBXContainerItemProxy;
			containerPortal = 6516A9C02861CFDC00FE13EB /* Project object */;
			proxyType = 1;
			remoteGlobalIDString = 6516A9C72861CFDC00FE13EB;
			remoteInfo = MovieApp;
		};
/* End PBXContainerItemProxy section */

/* Begin PBXFileReference section */
		6516A9C82861CFDC00FE13EB /* MovieApp.app */ = {isa = PBXFileReference; explicitFileType = wrapper.application; includeInIndex = 0; path = MovieApp.app; sourceTree = BUILT_PRODUCTS_DIR; };
		6516A9CB2861CFDC00FE13EB /* AppDelegate.swift */ = {isa = PBXFileReference; lastKnownFileType = sourcecode.swift; path = AppDelegate.swift; sourceTree = "<group>"; };
		6516A9CD2861CFDC00FE13EB /* SceneDelegate.swift */ = {isa = PBXFileReference; lastKnownFileType = sourcecode.swift; path = SceneDelegate.swift; sourceTree = "<group>"; };
		6516A9CF2861CFDC00FE13EB /* ViewController.swift */ = {isa = PBXFileReference; lastKnownFileType = sourcecode.swift; path = ViewController.swift; sourceTree = "<group>"; };
		6516A9D22861CFDC00FE13EB /* Base */ = {isa = PBXFileReference; lastKnownFileType = file.storyboard; name = Base; path = Base.lproj/Main.storyboard; sourceTree = "<group>"; };
		6516A9D42861CFDD00FE13EB /* Assets.xcassets */ = {isa = PBXFileReference; lastKnownFileType = folder.assetcatalog; path = Assets.xcassets; sourceTree = "<group>"; };
		6516A9D72861CFDD00FE13EB /* Base */ = {isa = PBXFileReference; lastKnownFileType = file.storyboard; name = Base; path = Base.lproj/LaunchScreen.storyboard; sourceTree = "<group>"; };
		6516A9D92861CFDD00FE13EB /* Info.plist */ = {isa = PBXFileReference; lastKnownFileType = text.plist.xml; path = Info.plist; sourceTree = "<group>"; };
		6516A9DE2861CFDD00FE13EB /* MovieAppTests.xctest */ = {isa = PBXFileReference; explicitFileType = wrapper.cfbundle; includeInIndex = 0; path = MovieAppTests.xctest; sourceTree = BUILT_PRODUCTS_DIR; };
		6516A9E22861CFDD00FE13EB /* MovieAppTests.swift */ = {isa = PBXFileReference; lastKnownFileType = sourcecode.swift; path = MovieAppTests.swift; sourceTree = "<group>"; };
		6516A9E82861CFDD00FE13EB /* MovieAppUITests.xctest */ = {isa = PBXFileReference; explicitFileType = wrapper.cfbundle; includeInIndex = 0; path = MovieAppUITests.xctest; sourceTree = BUILT_PRODUCTS_DIR; };
		6516A9EC2861CFDD00FE13EB /* MovieAppUITests.swift */ = {isa = PBXFileReference; lastKnownFileType = sourcecode.swift; path = MovieAppUITests.swift; sourceTree = "<group>"; };
		6516A9EE2861CFDD00FE13EB /* MovieAppUITestsLaunchTests.swift */ = {isa = PBXFileReference; lastKnownFileType = sourcecode.swift; path = MovieAppUITestsLaunchTests.swift; sourceTree = "<group>"; };
		6516A9FB2861D61000FE13EB /* MovieCell.swift */ = {isa = PBXFileReference; lastKnownFileType = sourcecode.swift; path = MovieCell.swift; sourceTree = "<group>"; };
		6516A9FD2864A2F800FE13EB /* MovieModel.swift */ = {isa = PBXFileReference; lastKnownFileType = sourcecode.swift; path = MovieModel.swift; sourceTree = "<group>"; };
/* End PBXFileReference section */

/* Begin PBXFrameworksBuildPhase section */
		6516A9C52861CFDC00FE13EB /* Frameworks */ = {
			isa = PBXFrameworksBuildPhase;
			buildActionMask = 2147483647;
			files = (
			);
			runOnlyForDeploymentPostprocessing = 0;
		};
		6516A9DB2861CFDD00FE13EB /* Frameworks */ = {
			isa = PBXFrameworksBuildPhase;
			buildActionMask = 2147483647;
			files = (
			);
			runOnlyForDeploymentPostprocessing = 0;
		};
		6516A9E52861CFDD00FE13EB /* Frameworks */ = {
			isa = PBXFrameworksBuildPhase;
			buildActionMask = 2147483647;
			files = (
			);
			runOnlyForDeploymentPostprocessing = 0;
		};
/* End PBXFrameworksBuildPhase section */

/* Begin PBXGroup section */
		6516A9BF2861CFDC00FE13EB = {
			isa = PBXGroup;
			children = (
				6516A9CA2861CFDC00FE13EB /* MovieApp */,
				6516A9E12861CFDD00FE13EB /* MovieAppTests */,
				6516A9EB2861CFDD00FE13EB /* MovieAppUITests */,
				6516A9C92861CFDC00FE13EB /* Products */,
			);
			sourceTree = "<group>";
		};
		6516A9C92861CFDC00FE13EB /* Products */ = {
			isa = PBXGroup;
			children = (
				6516A9C82861CFDC00FE13EB /* MovieApp.app */,
				6516A9DE2861CFDD00FE13EB /* MovieAppTests.xctest */,
				6516A9E82861CFDD00FE13EB /* MovieAppUITests.xctest */,
			);
			name = Products;
			sourceTree = "<group>";
		};
		6516A9CA2861CFDC00FE13EB /* MovieApp */ = {
			isa = PBXGroup;
			children = (
				6516A9CB2861CFDC00FE13EB /* AppDelegate.swift */,
				6516A9CD2861CFDC00FE13EB /* SceneDelegate.swift */,
				6516A9CF2861CFDC00FE13EB /* ViewController.swift */,
				6516A9FB2861D61000FE13EB /* MovieCell.swift */,
				6516A9D12861CFDC00FE13EB /* Main.storyboard */,
				6516A9D42861CFDD00FE13EB /* Assets.xcassets */,
				6516A9D62861CFDD00FE13EB /* LaunchScreen.storyboard */,
				6516A9D92861CFDD00FE13EB /* Info.plist */,
				6516A9FD2864A2F800FE13EB /* MovieModel.swift */,
			);
			path = MovieApp;
			sourceTree = "<group>";
		};
		6516A9E12861CFDD00FE13EB /* MovieAppTests */ = {
			isa = PBXGroup;
			children = (
				6516A9E22861CFDD00FE13EB /* MovieAppTests.swift */,
			);
			path = MovieAppTests;
			sourceTree = "<group>";
		};
		6516A9EB2861CFDD00FE13EB /* MovieAppUITests */ = {
			isa = PBXGroup;
			children = (
				6516A9EC2861CFDD00FE13EB /* MovieAppUITests.swift */,
				6516A9EE2861CFDD00FE13EB /* MovieAppUITestsLaunchTests.swift */,
			);
			path = MovieAppUITests;
			sourceTree = "<group>";
		};
/* End PBXGroup section */

/* Begin PBXNativeTarget section */
		6516A9C72861CFDC00FE13EB /* MovieApp */ = {
			isa = PBXNativeTarget;
			buildConfigurationList = 6516A9F22861CFDD00FE13EB /* Build configuration list for PBXNativeTarget "MovieApp" */;
			buildPhases = (
				6516A9C42861CFDC00FE13EB /* Sources */,
				6516A9C52861CFDC00FE13EB /* Frameworks */,
				6516A9C62861CFDC00FE13EB /* Resources */,
			);
			buildRules = (
			);
			dependencies = (
			);
			name = MovieApp;
			productName = MovieApp;
			productReference = 6516A9C82861CFDC00FE13EB /* MovieApp.app */;
			productType = "com.apple.product-type.application";
		};
		6516A9DD2861CFDD00FE13EB /* MovieAppTests */ = {
			isa = PBXNativeTarget;
			buildConfigurationList = 6516A9F52861CFDD00FE13EB /* Build configuration list for PBXNativeTarget "MovieAppTests" */;
			buildPhases = (
				6516A9DA2861CFDD00FE13EB /* Sources */,
				6516A9DB2861CFDD00FE13EB /* Frameworks */,
				6516A9DC2861CFDD00FE13EB /* Resources */,
			);
			buildRules = (
			);
			dependencies = (
				6516A9E02861CFDD00FE13EB /* PBXTargetDependency */,
			);
			name = MovieAppTests;
			productName = MovieAppTests;
			productReference = 6516A9DE2861CFDD00FE13EB /* MovieAppTests.xctest */;
			productType = "com.apple.product-type.bundle.unit-test";
		};
		6516A9E72861CFDD00FE13EB /* MovieAppUITests */ = {
			isa = PBXNativeTarget;
			buildConfigurationList = 6516A9F82861CFDD00FE13EB /* Build configuration list for PBXNativeTarget "MovieAppUITests" */;
			buildPhases = (
				6516A9E42861CFDD00FE13EB /* Sources */,
				6516A9E52861CFDD00FE13EB /* Frameworks */,
				6516A9E62861CFDD00FE13EB /* Resources */,
			);
			buildRules = (
			);
			dependencies = (
				6516A9EA2861CFDD00FE13EB /* PBXTargetDependency */,
			);
			name = MovieAppUITests;
			productName = MovieAppUITests;
			productReference = 6516A9E82861CFDD00FE13EB /* MovieAppUITests.xctest */;
			productType = "com.apple.product-type.bundle.ui-testing";
		};
/* End PBXNativeTarget section */

/* Begin PBXProject section */
		6516A9C02861CFDC00FE13EB /* Project object */ = {
			isa = PBXProject;
			attributes = {
				BuildIndependentTargetsInParallel = 1;
				LastSwiftUpdateCheck = 1330;
				LastUpgradeCheck = 1330;
				TargetAttributes = {
					6516A9C72861CFDC00FE13EB = {
						CreatedOnToolsVersion = 13.3.1;
					};
					6516A9DD2861CFDD00FE13EB = {
						CreatedOnToolsVersion = 13.3.1;
						TestTargetID = 6516A9C72861CFDC00FE13EB;
					};
					6516A9E72861CFDD00FE13EB = {
						CreatedOnToolsVersion = 13.3.1;
						TestTargetID = 6516A9C72861CFDC00FE13EB;
					};
				};
			};
			buildConfigurationList = 6516A9C32861CFDC00FE13EB /* Build configuration list for PBXProject "MovieApp" */;
			compatibilityVersion = "Xcode 13.0";
			developmentRegion = en;
			hasScannedForEncodings = 0;
			knownRegions = (
				en,
				Base,
			);
			mainGroup = 6516A9BF2861CFDC00FE13EB;
			productRefGroup = 6516A9C92861CFDC00FE13EB /* Products */;
			projectDirPath = "";
			projectRoot = "";
			targets = (
				6516A9C72861CFDC00FE13EB /* MovieApp */,
				6516A9DD2861CFDD00FE13EB /* MovieAppTests */,
				6516A9E72861CFDD00FE13EB /* MovieAppUITests */,
			);
		};
/* End PBXProject section */

/* Begin PBXResourcesBuildPhase section */
		6516A9C62861CFDC00FE13EB /* Resources */ = {
			isa = PBXResourcesBuildPhase;
			buildActionMask = 2147483647;
			files = (
				6516A9D82861CFDD00FE13EB /* LaunchScreen.storyboard in Resources */,
				6516A9D52861CFDD00FE13EB /* Assets.xcassets in Resources */,
				6516A9D32861CFDC00FE13EB /* Main.storyboard in Resources */,
			);
			runOnlyForDeploymentPostprocessing = 0;
		};
		6516A9DC2861CFDD00FE13EB /* Resources */ = {
			isa = PBXResourcesBuildPhase;
			buildActionMask = 2147483647;
			files = (
			);
			runOnlyForDeploymentPostprocessing = 0;
		};
		6516A9E62861CFDD00FE13EB /* Resources */ = {
			isa = PBXResourcesBuildPhase;
			buildActionMask = 2147483647;
			files = (
			);
			runOnlyForDeploymentPostprocessing = 0;
		};
/* End PBXResourcesBuildPhase section */

/* Begin PBXSourcesBuildPhase section */
		6516A9C42861CFDC00FE13EB /* Sources */ = {
			isa = PBXSourcesBuildPhase;
			buildActionMask = 2147483647;
			files = (
				6516A9D02861CFDC00FE13EB /* ViewController.swift in Sources */,
				6516A9CC2861CFDC00FE13EB /* AppDelegate.swift in Sources */,
				6516A9FE2864A2F800FE13EB /* MovieModel.swift in Sources */,
				6516A9FC2861D61000FE13EB /* MovieCell.swift in Sources */,
				6516A9CE2861CFDC00FE13EB /* SceneDelegate.swift in Sources */,
			);
			runOnlyForDeploymentPostprocessing = 0;
		};
		6516A9DA2861CFDD00FE13EB /* Sources */ = {
			isa = PBXSourcesBuildPhase;
			buildActionMask = 2147483647;
			files = (
				6516A9E32861CFDD00FE13EB /* MovieAppTests.swift in Sources */,
			);
			runOnlyForDeploymentPostprocessing = 0;
		};
		6516A9E42861CFDD00FE13EB /* Sources */ = {
			isa = PBXSourcesBuildPhase;
			buildActionMask = 2147483647;
			files = (
				6516A9EF2861CFDD00FE13EB /* MovieAppUITestsLaunchTests.swift in Sources */,
				6516A9ED2861CFDD00FE13EB /* MovieAppUITests.swift in Sources */,
			);
			runOnlyForDeploymentPostprocessing = 0;
		};
/* End PBXSourcesBuildPhase section */

/* Begin PBXTargetDependency section */
		6516A9E02861CFDD00FE13EB /* PBXTargetDependency */ = {
			isa = PBXTargetDependency;
			target = 6516A9C72861CFDC00FE13EB /* MovieApp */;
			targetProxy = 6516A9DF2861CFDD00FE13EB /* PBXContainerItemProxy */;
		};
		6516A9EA2861CFDD00FE13EB /* PBXTargetDependency */ = {
			isa = PBXTargetDependency;
			target = 6516A9C72861CFDC00FE13EB /* MovieApp */;
			targetProxy = 6516A9E92861CFDD00FE13EB /* PBXContainerItemProxy */;
		};
/* End PBXTargetDependency section */

/* Begin PBXVariantGroup section */
		6516A9D12861CFDC00FE13EB /* Main.storyboard */ = {
			isa = PBXVariantGroup;
			children = (
				6516A9D22861CFDC00FE13EB /* Base */,
			);
			name = Main.storyboard;
			sourceTree = "<group>";
		};
		6516A9D62861CFDD00FE13EB /* LaunchScreen.storyboard */ = {
			isa = PBXVariantGroup;
			children = (
				6516A9D72861CFDD00FE13EB /* Base */,
			);
			name = LaunchScreen.storyboard;
			sourceTree = "<group>";
		};
/* End PBXVariantGroup section */

/* Begin XCBuildConfiguration section */
		6516A9F02861CFDD00FE13EB /* Debug */ = {
			isa = XCBuildConfiguration;
			buildSettings = {
				ALWAYS_SEARCH_USER_PATHS = NO;
				CLANG_ANALYZER_NONNULL = YES;
				CLANG_ANALYZER_NUMBER_OBJECT_CONVERSION = YES_AGGRESSIVE;
				CLANG_CXX_LANGUAGE_STANDARD = "gnu++17";
				CLANG_ENABLE_MODULES = YES;
				CLANG_ENABLE_OBJC_ARC = YES;
				CLANG_ENABLE_OBJC_WEAK = YES;
				CLANG_WARN_BLOCK_CAPTURE_AUTORELEASING = YES;
				CLANG_WARN_BOOL_CONVERSION = YES;
				CLANG_WARN_COMMA = YES;
				CLANG_WARN_CONSTANT_CONVERSION = YES;
				CLANG_WARN_DEPRECATED_OBJC_IMPLEMENTATIONS = YES;
				CLANG_WARN_DIRECT_OBJC_ISA_USAGE = YES_ERROR;
				CLANG_WARN_DOCUMENTATION_COMMENTS = YES;
				CLANG_WARN_EMPTY_BODY = YES;
				CLANG_WARN_ENUM_CONVERSION = YES;
				CLANG_WARN_INFINITE_RECURSION = YES;
				CLANG_WARN_INT_CONVERSION = YES;
				CLANG_WARN_NON_LITERAL_NULL_CONVERSION = YES;
				CLANG_WARN_OBJC_IMPLICIT_RETAIN_SELF = YES;
				CLANG_WARN_OBJC_LITERAL_CONVERSION = YES;
				CLANG_WARN_OBJC_ROOT_CLASS = YES_ERROR;
				CLANG_WARN_QUOTED_INCLUDE_IN_FRAMEWORK_HEADER = YES;
				CLANG_WARN_RANGE_LOOP_ANALYSIS = YES;
				CLANG_WARN_STRICT_PROTOTYPES = YES;
				CLANG_WARN_SUSPICIOUS_MOVE = YES;
				CLANG_WARN_UNGUARDED_AVAILABILITY = YES_AGGRESSIVE;
				CLANG_WARN_UNREACHABLE_CODE = YES;
				CLANG_WARN__DUPLICATE_METHOD_MATCH = YES;
				COPY_PHASE_STRIP = NO;
				DEBUG_INFORMATION_FORMAT = dwarf;
				ENABLE_STRICT_OBJC_MSGSEND = YES;
				ENABLE_TESTABILITY = YES;
				GCC_C_LANGUAGE_STANDARD = gnu11;
				GCC_DYNAMIC_NO_PIC = NO;
				GCC_NO_COMMON_BLOCKS = YES;
				GCC_OPTIMIZATION_LEVEL = 0;
				GCC_PREPROCESSOR_DEFINITIONS = (
					"DEBUG=1",
					"$(inherited)",
				);
				GCC_WARN_64_TO_32_BIT_CONVERSION = YES;
				GCC_WARN_ABOUT_RETURN_TYPE = YES_ERROR;
				GCC_WARN_UNDECLARED_SELECTOR = YES;
				GCC_WARN_UNINITIALIZED_AUTOS = YES_AGGRESSIVE;
				GCC_WARN_UNUSED_FUNCTION = YES;
				GCC_WARN_UNUSED_VARIABLE = YES;
				IPHONEOS_DEPLOYMENT_TARGET = 15.4;
				MTL_ENABLE_DEBUG_INFO = INCLUDE_SOURCE;
				MTL_FAST_MATH = YES;
				ONLY_ACTIVE_ARCH = YES;
				SDKROOT = iphoneos;
				SWIFT_ACTIVE_COMPILATION_CONDITIONS = DEBUG;
				SWIFT_OPTIMIZATION_LEVEL = "-Onone";
			};
			name = Debug;
		};
		6516A9F12861CFDD00FE13EB /* Release */ = {
			isa = XCBuildConfiguration;
			buildSettings = {
				ALWAYS_SEARCH_USER_PATHS = NO;
				CLANG_ANALYZER_NONNULL = YES;
				CLANG_ANALYZER_NUMBER_OBJECT_CONVERSION = YES_AGGRESSIVE;
				CLANG_CXX_LANGUAGE_STANDARD = "gnu++17";
				CLANG_ENABLE_MODULES = YES;
				CLANG_ENABLE_OBJC_ARC = YES;
				CLANG_ENABLE_OBJC_WEAK = YES;
				CLANG_WARN_BLOCK_CAPTURE_AUTORELEASING = YES;
				CLANG_WARN_BOOL_CONVERSION = YES;
				CLANG_WARN_COMMA = YES;
				CLANG_WARN_CONSTANT_CONVERSION = YES;
				CLANG_WARN_DEPRECATED_OBJC_IMPLEMENTATIONS = YES;
				CLANG_WARN_DIRECT_OBJC_ISA_USAGE = YES_ERROR;
				CLANG_WARN_DOCUMENTATION_COMMENTS = YES;
				CLANG_WARN_EMPTY_BODY = YES;
				CLANG_WARN_ENUM_CONVERSION = YES;
				CLANG_WARN_INFINITE_RECURSION = YES;
				CLANG_WARN_INT_CONVERSION = YES;
				CLANG_WARN_NON_LITERAL_NULL_CONVERSION = YES;
				CLANG_WARN_OBJC_IMPLICIT_RETAIN_SELF = YES;
				CLANG_WARN_OBJC_LITERAL_CONVERSION = YES;
				CLANG_WARN_OBJC_ROOT_CLASS = YES_ERROR;
				CLANG_WARN_QUOTED_INCLUDE_IN_FRAMEWORK_HEADER = YES;
				CLANG_WARN_RANGE_LOOP_ANALYSIS = YES;
				CLANG_WARN_STRICT_PROTOTYPES = YES;
				CLANG_WARN_SUSPICIOUS_MOVE = YES;
				CLANG_WARN_UNGUARDED_AVAILABILITY = YES_AGGRESSIVE;
				CLANG_WARN_UNREACHABLE_CODE = YES;
				CLANG_WARN__DUPLICATE_METHOD_MATCH = YES;
				COPY_PHASE_STRIP = NO;
				DEBUG_INFORMATION_FORMAT = "dwarf-with-dsym";
				ENABLE_NS_ASSERTIONS = NO;
				ENABLE_STRICT_OBJC_MSGSEND = YES;
				GCC_C_LANGUAGE_STANDARD = gnu11;
				GCC_NO_COMMON_BLOCKS = YES;
				GCC_WARN_64_TO_32_BIT_CONVERSION = YES;
				GCC_WARN_ABOUT_RETURN_TYPE = YES_ERROR;
				GCC_WARN_UNDECLARED_SELECTOR = YES;
				GCC_WARN_UNINITIALIZED_AUTOS = YES_AGGRESSIVE;
				GCC_WARN_UNUSED_FUNCTION = YES;
				GCC_WARN_UNUSED_VARIABLE = YES;
				IPHONEOS_DEPLOYMENT_TARGET = 15.4;
				MTL_ENABLE_DEBUG_INFO = NO;
				MTL_FAST_MATH = YES;
				SDKROOT = iphoneos;
				SWIFT_COMPILATION_MODE = wholemodule;
				SWIFT_OPTIMIZATION_LEVEL = "-O";
				VALIDATE_PRODUCT = YES;
			};
			name = Release;
		};
		6516A9F32861CFDD00FE13EB /* Debug */ = {
			isa = XCBuildConfiguration;
			buildSettings = {
				ASSETCATALOG_COMPILER_APPICON_NAME = AppIcon;
				ASSETCATALOG_COMPILER_GLOBAL_ACCENT_COLOR_NAME = AccentColor;
				CODE_SIGN_STYLE = Automatic;
				CURRENT_PROJECT_VERSION = 1;
				DEVELOPMENT_TEAM = 6GK6PL55U2;
				GENERATE_INFOPLIST_FILE = YES;
				INFOPLIST_FILE = MovieApp/Info.plist;
				INFOPLIST_KEY_UIApplicationSupportsIndirectInputEvents = YES;
				INFOPLIST_KEY_UILaunchStoryboardName = LaunchScreen;
				INFOPLIST_KEY_UIMainStoryboardFile = Main;
				INFOPLIST_KEY_UISupportedInterfaceOrientations_iPad = "UIInterfaceOrientationPortrait UIInterfaceOrientationPortraitUpsideDown UIInterfaceOrientationLandscapeLeft UIInterfaceOrientationLandscapeRight";
				INFOPLIST_KEY_UISupportedInterfaceOrientations_iPhone = "UIInterfaceOrientationPortrait UIInterfaceOrientationLandscapeLeft UIInterfaceOrientationLandscapeRight";
				LD_RUNPATH_SEARCH_PATHS = (
					"$(inherited)",
					"@executable_path/Frameworks",
				);
				MARKETING_VERSION = 1.0;
				PRODUCT_BUNDLE_IDENTIFIER = openbible.study.MovieApp;
				PRODUCT_NAME = "$(TARGET_NAME)";
				SWIFT_EMIT_LOC_STRINGS = YES;
				SWIFT_VERSION = 5.0;
				TARGETED_DEVICE_FAMILY = "1,2";
			};
			name = Debug;
		};
		6516A9F42861CFDD00FE13EB /* Release */ = {
			isa = XCBuildConfiguration;
			buildSettings = {
				ASSETCATALOG_COMPILER_APPICON_NAME = AppIcon;
				ASSETCATALOG_COMPILER_GLOBAL_ACCENT_COLOR_NAME = AccentColor;
				CODE_SIGN_STYLE = Automatic;
				CURRENT_PROJECT_VERSION = 1;
				DEVELOPMENT_TEAM = 6GK6PL55U2;
				GENERATE_INFOPLIST_FILE = YES;
				INFOPLIST_FILE = MovieApp/Info.plist;
				INFOPLIST_KEY_UIApplicationSupportsIndirectInputEvents = YES;
				INFOPLIST_KEY_UILaunchStoryboardName = LaunchScreen;
				INFOPLIST_KEY_UIMainStoryboardFile = Main;
				INFOPLIST_KEY_UISupportedInterfaceOrientations_iPad = "UIInterfaceOrientationPortrait UIInterfaceOrientationPortraitUpsideDown UIInterfaceOrientationLandscapeLeft UIInterfaceOrientationLandscapeRight";
				INFOPLIST_KEY_UISupportedInterfaceOrientations_iPhone = "UIInterfaceOrientationPortrait UIInterfaceOrientationLandscapeLeft UIInterfaceOrientationLandscapeRight";
				LD_RUNPATH_SEARCH_PATHS = (
					"$(inherited)",
					"@executable_path/Frameworks",
				);
				MARKETING_VERSION = 1.0;
				PRODUCT_BUNDLE_IDENTIFIER = openbible.study.MovieApp;
				PRODUCT_NAME = "$(TARGET_NAME)";
				SWIFT_EMIT_LOC_STRINGS = YES;
				SWIFT_VERSION = 5.0;
				TARGETED_DEVICE_FAMILY = "1,2";
			};
			name = Release;
		};
		6516A9F62861CFDD00FE13EB /* Debug */ = {
			isa = XCBuildConfiguration;
			buildSettings = {
				ALWAYS_EMBED_SWIFT_STANDARD_LIBRARIES = YES;
				BUNDLE_LOADER = "$(TEST_HOST)";
				CODE_SIGN_STYLE = Automatic;
				CURRENT_PROJECT_VERSION = 1;
				DEVELOPMENT_TEAM = 6GK6PL55U2;
				GENERATE_INFOPLIST_FILE = YES;
				IPHONEOS_DEPLOYMENT_TARGET = 15.4;
				MARKETING_VERSION = 1.0;
				PRODUCT_BUNDLE_IDENTIFIER = openbible.study.MovieAppTests;
				PRODUCT_NAME = "$(TARGET_NAME)";
				SWIFT_EMIT_LOC_STRINGS = NO;
				SWIFT_VERSION = 5.0;
				TARGETED_DEVICE_FAMILY = "1,2";
				TEST_HOST = "$(BUILT_PRODUCTS_DIR)/MovieApp.app/MovieApp";
			};
			name = Debug;
		};
		6516A9F72861CFDD00FE13EB /* Release */ = {
			isa = XCBuildConfiguration;
			buildSettings = {
				ALWAYS_EMBED_SWIFT_STANDARD_LIBRARIES = YES;
				BUNDLE_LOADER = "$(TEST_HOST)";
				CODE_SIGN_STYLE = Automatic;
				CURRENT_PROJECT_VERSION = 1;
				DEVELOPMENT_TEAM = 6GK6PL55U2;
				GENERATE_INFOPLIST_FILE = YES;
				IPHONEOS_DEPLOYMENT_TARGET = 15.4;
				MARKETING_VERSION = 1.0;
				PRODUCT_BUNDLE_IDENTIFIER = openbible.study.MovieAppTests;
				PRODUCT_NAME = "$(TARGET_NAME)";
				SWIFT_EMIT_LOC_STRINGS = NO;
				SWIFT_VERSION = 5.0;
				TARGETED_DEVICE_FAMILY = "1,2";
				TEST_HOST = "$(BUILT_PRODUCTS_DIR)/MovieApp.app/MovieApp";
			};
			name = Release;
		};
		6516A9F92861CFDD00FE13EB /* Debug */ = {
			isa = XCBuildConfiguration;
			buildSettings = {
				ALWAYS_EMBED_SWIFT_STANDARD_LIBRARIES = YES;
				CODE_SIGN_STYLE = Automatic;
				CURRENT_PROJECT_VERSION = 1;
				DEVELOPMENT_TEAM = 6GK6PL55U2;
				GENERATE_INFOPLIST_FILE = YES;
				MARKETING_VERSION = 1.0;
				PRODUCT_BUNDLE_IDENTIFIER = openbible.study.MovieAppUITests;
				PRODUCT_NAME = "$(TARGET_NAME)";
				SWIFT_EMIT_LOC_STRINGS = NO;
				SWIFT_VERSION = 5.0;
				TARGETED_DEVICE_FAMILY = "1,2";
				TEST_TARGET_NAME = MovieApp;
			};
			name = Debug;
		};
		6516A9FA2861CFDD00FE13EB /* Release */ = {
			isa = XCBuildConfiguration;
			buildSettings = {
				ALWAYS_EMBED_SWIFT_STANDARD_LIBRARIES = YES;
				CODE_SIGN_STYLE = Automatic;
				CURRENT_PROJECT_VERSION = 1;
				DEVELOPMENT_TEAM = 6GK6PL55U2;
				GENERATE_INFOPLIST_FILE = YES;
				MARKETING_VERSION = 1.0;
				PRODUCT_BUNDLE_IDENTIFIER = openbible.study.MovieAppUITests;
				PRODUCT_NAME = "$(TARGET_NAME)";
				SWIFT_EMIT_LOC_STRINGS = NO;
				SWIFT_VERSION = 5.0;
				TARGETED_DEVICE_FAMILY = "1,2";
				TEST_TARGET_NAME = MovieApp;
			};
			name = Release;
		};
/* End XCBuildConfiguration section */

/* Begin XCConfigurationList section */
		6516A9C32861CFDC00FE13EB /* Build configuration list for PBXProject "MovieApp" */ = {
			isa = XCConfigurationList;
			buildConfigurations = (
				6516A9F02861CFDD00FE13EB /* Debug */,
				6516A9F12861CFDD00FE13EB /* Release */,
			);
			defaultConfigurationIsVisible = 0;
			defaultConfigurationName = Release;
		};
		6516A9F22861CFDD00FE13EB /* Build configuration list for PBXNativeTarget "MovieApp" */ = {
			isa = XCConfigurationList;
			buildConfigurations = (
				6516A9F32861CFDD00FE13EB /* Debug */,
				6516A9F42861CFDD00FE13EB /* Release */,
			);
			defaultConfigurationIsVisible = 0;
			defaultConfigurationName = Release;
		};
		6516A9F52861CFDD00FE13EB /* Build configuration list for PBXNativeTarget "MovieAppTests" */ = {
			isa = XCConfigurationList;
			buildConfigurations = (
				6516A9F62861CFDD00FE13EB /* Debug */,
				6516A9F72861CFDD00FE13EB /* Release */,
			);
			defaultConfigurationIsVisible = 0;
			defaultConfigurationName = Release;
		};
		6516A9F82861CFDD00FE13EB /* Build configuration list for PBXNativeTarget "MovieAppUITests" */ = {
			isa = XCConfigurationList;
			buildConfigurations = (
				6516A9F92861CFDD00FE13EB /* Debug */,
				6516A9FA2861CFDD00FE13EB /* Release */,
			);
			defaultConfigurationIsVisible = 0;
			defaultConfigurationName = Release;
		};
/* End XCConfigurationList section */
	};
	rootObject = 6516A9C02861CFDC00FE13EB /* Project object */;
}
