// !$*UTF8*$!
{
	archiveVersion = 1;
	classes = {
	};
	objectVersion = 55;
	objects = {

/* Begin PBXBuildFile section */
		6502489227D3AAED00DCE969 /* AppDelegate.swift in Sources */ = {isa = PBXBuildFile; fileRef = 6502489127D3AAED00DCE969 /* AppDelegate.swift */; };
		6502489427D3AAED00DCE969 /* SceneDelegate.swift in Sources */ = {isa = PBXBuildFile; fileRef = 6502489327D3AAED00DCE969 /* SceneDelegate.swift */; };
		6502489627D3AAED00DCE969 /* ViewController.swift in Sources */ = {isa = PBXBuildFile; fileRef = 6502489527D3AAED00DCE969 /* ViewController.swift */; };
		6502489927D3AAED00DCE969 /* Main.storyboard in Resources */ = {isa = PBXBuildFile; fileRef = 6502489727D3AAED00DCE969 /* Main.storyboard */; };
		6502489B27D3AAEE00DCE969 /* Assets.xcassets in Resources */ = {isa = PBXBuildFile; fileRef = 6502489A27D3AAEE00DCE969 /* Assets.xcassets */; };
		6502489E27D3AAEE00DCE969 /* LaunchScreen.storyboard in Resources */ = {isa = PBXBuildFile; fileRef = 6502489C27D3AAEE00DCE969 /* LaunchScreen.storyboard */; };
		650248A927D3AAEE00DCE969 /* StartAppTests.swift in Sources */ = {isa = PBXBuildFile; fileRef = 650248A827D3AAEE00DCE969 /* StartAppTests.swift */; };
		650248B327D3AAEE00DCE969 /* StartAppUITests.swift in Sources */ = {isa = PBXBuildFile; fileRef = 650248B227D3AAEE00DCE969 /* StartAppUITests.swift */; };
		650248B527D3AAEE00DCE969 /* StartAppUITestsLaunchTests.swift in Sources */ = {isa = PBXBuildFile; fileRef = 650248B427D3AAEE00DCE969 /* StartAppUITestsLaunchTests.swift */; };
		650248C227D3CA2D00DCE969 /* DetailViewController.swift in Sources */ = {isa = PBXBuildFile; fileRef = 650248C127D3CA2D00DCE969 /* DetailViewController.swift */; };
/* End PBXBuildFile section */

/* Begin PBXContainerItemProxy section */
		650248A527D3AAEE00DCE969 /* PBXContainerItemProxy */ = {
			isa = PBXContainerItemProxy;
			containerPortal = 6502488627D3AAED00DCE969 /* Project object */;
			proxyType = 1;
			remoteGlobalIDString = 6502488D27D3AAED00DCE969;
			remoteInfo = StartApp;
		};
		650248AF27D3AAEE00DCE969 /* PBXContainerItemProxy */ = {
			isa = PBXContainerItemProxy;
			containerPortal = 6502488627D3AAED00DCE969 /* Project object */;
			proxyType = 1;
			remoteGlobalIDString = 6502488D27D3AAED00DCE969;
			remoteInfo = StartApp;
		};
/* End PBXContainerItemProxy section */

/* Begin PBXFileReference section */
		6502488E27D3AAED00DCE969 /* StartApp.app */ = {isa = PBXFileReference; explicitFileType = wrapper.application; includeInIndex = 0; path = StartApp.app; sourceTree = BUILT_PRODUCTS_DIR; };
		6502489127D3AAED00DCE969 /* AppDelegate.swift */ = {isa = PBXFileReference; lastKnownFileType = sourcecode.swift; path = AppDelegate.swift; sourceTree = "<group>"; };
		6502489327D3AAED00DCE969 /* SceneDelegate.swift */ = {isa = PBXFileReference; lastKnownFileType = sourcecode.swift; path = SceneDelegate.swift; sourceTree = "<group>"; };
		6502489527D3AAED00DCE969 /* ViewController.swift */ = {isa = PBXFileReference; lastKnownFileType = sourcecode.swift; path = ViewController.swift; sourceTree = "<group>"; };
		6502489827D3AAED00DCE969 /* Base */ = {isa = PBXFileReference; lastKnownFileType = file.storyboard; name = Base; path = Base.lproj/Main.storyboard; sourceTree = "<group>"; };
		6502489A27D3AAEE00DCE969 /* Assets.xcassets */ = {isa = PBXFileReference; lastKnownFileType = folder.assetcatalog; path = Assets.xcassets; sourceTree = "<group>"; };
		6502489D27D3AAEE00DCE969 /* Base */ = {isa = PBXFileReference; lastKnownFileType = file.storyboard; name = Base; path = Base.lproj/LaunchScreen.storyboard; sourceTree = "<group>"; };
		6502489F27D3AAEE00DCE969 /* Info.plist */ = {isa = PBXFileReference; lastKnownFileType = text.plist.xml; path = Info.plist; sourceTree = "<group>"; };
		650248A427D3AAEE00DCE969 /* StartAppTests.xctest */ = {isa = PBXFileReference; explicitFileType = wrapper.cfbundle; includeInIndex = 0; path = StartAppTests.xctest; sourceTree = BUILT_PRODUCTS_DIR; };
		650248A827D3AAEE00DCE969 /* StartAppTests.swift */ = {isa = PBXFileReference; lastKnownFileType = sourcecode.swift; path = StartAppTests.swift; sourceTree = "<group>"; };
		650248AE27D3AAEE00DCE969 /* StartAppUITests.xctest */ = {isa = PBXFileReference; explicitFileType = wrapper.cfbundle; includeInIndex = 0; path = StartAppUITests.xctest; sourceTree = BUILT_PRODUCTS_DIR; };
		650248B227D3AAEE00DCE969 /* StartAppUITests.swift */ = {isa = PBXFileReference; lastKnownFileType = sourcecode.swift; path = StartAppUITests.swift; sourceTree = "<group>"; };
		650248B427D3AAEE00DCE969 /* StartAppUITestsLaunchTests.swift */ = {isa = PBXFileReference; lastKnownFileType = sourcecode.swift; path = StartAppUITestsLaunchTests.swift; sourceTree = "<group>"; };
		650248C127D3CA2D00DCE969 /* DetailViewController.swift */ = {isa = PBXFileReference; lastKnownFileType = sourcecode.swift; path = DetailViewController.swift; sourceTree = "<group>"; };
/* End PBXFileReference section */

/* Begin PBXFrameworksBuildPhase section */
		6502488B27D3AAED00DCE969 /* Frameworks */ = {
			isa = PBXFrameworksBuildPhase;
			buildActionMask = 2147483647;
			files = (
			);
			runOnlyForDeploymentPostprocessing = 0;
		};
		650248A127D3AAEE00DCE969 /* Frameworks */ = {
			isa = PBXFrameworksBuildPhase;
			buildActionMask = 2147483647;
			files = (
			);
			runOnlyForDeploymentPostprocessing = 0;
		};
		650248AB27D3AAEE00DCE969 /* Frameworks */ = {
			isa = PBXFrameworksBuildPhase;
			buildActionMask = 2147483647;
			files = (
			);
			runOnlyForDeploymentPostprocessing = 0;
		};
/* End PBXFrameworksBuildPhase section */

/* Begin PBXGroup section */
		6502488527D3AAED00DCE969 = {
			isa = PBXGroup;
			children = (
				6502489027D3AAED00DCE969 /* StartApp */,
				650248A727D3AAEE00DCE969 /* StartAppTests */,
				650248B127D3AAEE00DCE969 /* StartAppUITests */,
				6502488F27D3AAED00DCE969 /* Products */,
			);
			sourceTree = "<group>";
		};
		6502488F27D3AAED00DCE969 /* Products */ = {
			isa = PBXGroup;
			children = (
				6502488E27D3AAED00DCE969 /* StartApp.app */,
				650248A427D3AAEE00DCE969 /* StartAppTests.xctest */,
				650248AE27D3AAEE00DCE969 /* StartAppUITests.xctest */,
			);
			name = Products;
			sourceTree = "<group>";
		};
		6502489027D3AAED00DCE969 /* StartApp */ = {
			isa = PBXGroup;
			children = (
				6502489127D3AAED00DCE969 /* AppDelegate.swift */,
				6502489327D3AAED00DCE969 /* SceneDelegate.swift */,
				6502489527D3AAED00DCE969 /* ViewController.swift */,
				6502489727D3AAED00DCE969 /* Main.storyboard */,
				6502489A27D3AAEE00DCE969 /* Assets.xcassets */,
				6502489C27D3AAEE00DCE969 /* LaunchScreen.storyboard */,
				6502489F27D3AAEE00DCE969 /* Info.plist */,
				650248C127D3CA2D00DCE969 /* DetailViewController.swift */,
			);
			path = StartApp;
			sourceTree = "<group>";
		};
		650248A727D3AAEE00DCE969 /* StartAppTests */ = {
			isa = PBXGroup;
			children = (
				650248A827D3AAEE00DCE969 /* StartAppTests.swift */,
			);
			path = StartAppTests;
			sourceTree = "<group>";
		};
		650248B127D3AAEE00DCE969 /* StartAppUITests */ = {
			isa = PBXGroup;
			children = (
				650248B227D3AAEE00DCE969 /* StartAppUITests.swift */,
				650248B427D3AAEE00DCE969 /* StartAppUITestsLaunchTests.swift */,
			);
			path = StartAppUITests;
			sourceTree = "<group>";
		};
/* End PBXGroup section */

/* Begin PBXNativeTarget section */
		6502488D27D3AAED00DCE969 /* StartApp */ = {
			isa = PBXNativeTarget;
			buildConfigurationList = 650248B827D3AAEE00DCE969 /* Build configuration list for PBXNativeTarget "StartApp" */;
			buildPhases = (
				6502488A27D3AAED00DCE969 /* Sources */,
				6502488B27D3AAED00DCE969 /* Frameworks */,
				6502488C27D3AAED00DCE969 /* Resources */,
			);
			buildRules = (
			);
			dependencies = (
			);
			name = StartApp;
			productName = StartApp;
			productReference = 6502488E27D3AAED00DCE969 /* StartApp.app */;
			productType = "com.apple.product-type.application";
		};
		650248A327D3AAEE00DCE969 /* StartAppTests */ = {
			isa = PBXNativeTarget;
			buildConfigurationList = 650248BB27D3AAEE00DCE969 /* Build configuration list for PBXNativeTarget "StartAppTests" */;
			buildPhases = (
				650248A027D3AAEE00DCE969 /* Sources */,
				650248A127D3AAEE00DCE969 /* Frameworks */,
				650248A227D3AAEE00DCE969 /* Resources */,
			);
			buildRules = (
			);
			dependencies = (
				650248A627D3AAEE00DCE969 /* PBXTargetDependency */,
			);
			name = StartAppTests;
			productName = StartAppTests;
			productReference = 650248A427D3AAEE00DCE969 /* StartAppTests.xctest */;
			productType = "com.apple.product-type.bundle.unit-test";
		};
		650248AD27D3AAEE00DCE969 /* StartAppUITests */ = {
			isa = PBXNativeTarget;
			buildConfigurationList = 650248BE27D3AAEE00DCE969 /* Build configuration list for PBXNativeTarget "StartAppUITests" */;
			buildPhases = (
				650248AA27D3AAEE00DCE969 /* Sources */,
				650248AB27D3AAEE00DCE969 /* Frameworks */,
				650248AC27D3AAEE00DCE969 /* Resources */,
			);
			buildRules = (
			);
			dependencies = (
				650248B027D3AAEE00DCE969 /* PBXTargetDependency */,
			);
			name = StartAppUITests;
			productName = StartAppUITests;
			productReference = 650248AE27D3AAEE00DCE969 /* StartAppUITests.xctest */;
			productType = "com.apple.product-type.bundle.ui-testing";
		};
/* End PBXNativeTarget section */

/* Begin PBXProject section */
		6502488627D3AAED00DCE969 /* Project object */ = {
			isa = PBXProject;
			attributes = {
				BuildIndependentTargetsInParallel = 1;
				LastSwiftUpdateCheck = 1320;
				LastUpgradeCheck = 1320;
				TargetAttributes = {
					6502488D27D3AAED00DCE969 = {
						CreatedOnToolsVersion = 13.2.1;
					};
					650248A327D3AAEE00DCE969 = {
						CreatedOnToolsVersion = 13.2.1;
						TestTargetID = 6502488D27D3AAED00DCE969;
					};
					650248AD27D3AAEE00DCE969 = {
						CreatedOnToolsVersion = 13.2.1;
						TestTargetID = 6502488D27D3AAED00DCE969;
					};
				};
			};
			buildConfigurationList = 6502488927D3AAED00DCE969 /* Build configuration list for PBXProject "StartApp" */;
			compatibilityVersion = "Xcode 13.0";
			developmentRegion = en;
			hasScannedForEncodings = 0;
			knownRegions = (
				en,
				Base,
			);
			mainGroup = 6502488527D3AAED00DCE969;
			productRefGroup = 6502488F27D3AAED00DCE969 /* Products */;
			projectDirPath = "";
			projectRoot = "";
			targets = (
				6502488D27D3AAED00DCE969 /* StartApp */,
				650248A327D3AAEE00DCE969 /* StartAppTests */,
				650248AD27D3AAEE00DCE969 /* StartAppUITests */,
			);
		};
/* End PBXProject section */

/* Begin PBXResourcesBuildPhase section */
		6502488C27D3AAED00DCE969 /* Resources */ = {
			isa = PBXResourcesBuildPhase;
			buildActionMask = 2147483647;
			files = (
				6502489E27D3AAEE00DCE969 /* LaunchScreen.storyboard in Resources */,
				6502489B27D3AAEE00DCE969 /* Assets.xcassets in Resources */,
				6502489927D3AAED00DCE969 /* Main.storyboard in Resources */,
			);
			runOnlyForDeploymentPostprocessing = 0;
		};
		650248A227D3AAEE00DCE969 /* Resources */ = {
			isa = PBXResourcesBuildPhase;
			buildActionMask = 2147483647;
			files = (
			);
			runOnlyForDeploymentPostprocessing = 0;
		};
		650248AC27D3AAEE00DCE969 /* Resources */ = {
			isa = PBXResourcesBuildPhase;
			buildActionMask = 2147483647;
			files = (
			);
			runOnlyForDeploymentPostprocessing = 0;
		};
/* End PBXResourcesBuildPhase section */

/* Begin PBXSourcesBuildPhase section */
		6502488A27D3AAED00DCE969 /* Sources */ = {
			isa = PBXSourcesBuildPhase;
			buildActionMask = 2147483647;
			files = (
				6502489627D3AAED00DCE969 /* ViewController.swift in Sources */,
				6502489227D3AAED00DCE969 /* AppDelegate.swift in Sources */,
				6502489427D3AAED00DCE969 /* SceneDelegate.swift in Sources */,
				650248C227D3CA2D00DCE969 /* DetailViewController.swift in Sources */,
			);
			runOnlyForDeploymentPostprocessing = 0;
		};
		650248A027D3AAEE00DCE969 /* Sources */ = {
			isa = PBXSourcesBuildPhase;
			buildActionMask = 2147483647;
			files = (
				650248A927D3AAEE00DCE969 /* StartAppTests.swift in Sources */,
			);
			runOnlyForDeploymentPostprocessing = 0;
		};
		650248AA27D3AAEE00DCE969 /* Sources */ = {
			isa = PBXSourcesBuildPhase;
			buildActionMask = 2147483647;
			files = (
				650248B527D3AAEE00DCE969 /* StartAppUITestsLaunchTests.swift in Sources */,
				650248B327D3AAEE00DCE969 /* StartAppUITests.swift in Sources */,
			);
			runOnlyForDeploymentPostprocessing = 0;
		};
/* End PBXSourcesBuildPhase section */

/* Begin PBXTargetDependency section */
		650248A627D3AAEE00DCE969 /* PBXTargetDependency */ = {
			isa = PBXTargetDependency;
			target = 6502488D27D3AAED00DCE969 /* StartApp */;
			targetProxy = 650248A527D3AAEE00DCE969 /* PBXContainerItemProxy */;
		};
		650248B027D3AAEE00DCE969 /* PBXTargetDependency */ = {
			isa = PBXTargetDependency;
			target = 6502488D27D3AAED00DCE969 /* StartApp */;
			targetProxy = 650248AF27D3AAEE00DCE969 /* PBXContainerItemProxy */;
		};
/* End PBXTargetDependency section */

/* Begin PBXVariantGroup section */
		6502489727D3AAED00DCE969 /* Main.storyboard */ = {
			isa = PBXVariantGroup;
			children = (
				6502489827D3AAED00DCE969 /* Base */,
			);
			name = Main.storyboard;
			sourceTree = "<group>";
		};
		6502489C27D3AAEE00DCE969 /* LaunchScreen.storyboard */ = {
			isa = PBXVariantGroup;
			children = (
				6502489D27D3AAEE00DCE969 /* Base */,
			);
			name = LaunchScreen.storyboard;
			sourceTree = "<group>";
		};
/* End PBXVariantGroup section */

/* Begin XCBuildConfiguration section */
		650248B627D3AAEE00DCE969 /* Debug */ = {
			isa = XCBuildConfiguration;
			buildSettings = {
				ALWAYS_SEARCH_USER_PATHS = NO;
				CLANG_ANALYZER_NONNULL = YES;
				CLANG_ANALYZER_NUMBER_OBJECT_CONVERSION = YES_AGGRESSIVE;
				CLANG_CXX_LANGUAGE_STANDARD = "gnu++17";
				CLANG_CXX_LIBRARY = "libc++";
				CLANG_ENABLE_MODULES = YES;
				CLANG_ENABLE_OBJC_ARC = YES;
				CLANG_ENABLE_OBJC_WEAK = YES;
				CLANG_WARN_BLOCK_CAPTURE_AUTORELEASING = YES;
				CLANG_WARN_BOOL_CONVERSION = YES;
				CLANG_WARN_COMMA = YES;
				CLANG_WARN_CONSTANT_CONVERSION = YES;
				CLANG_WARN_DEPRECATED_OBJC_IMPLEMENTATIONS = YES;
				CLANG_WARN_DIRECT_OBJC_ISA_USAGE = YES_ERROR;
				CLANG_WARN_DOCUMENTATION_COMMENTS = YES;
				CLANG_WARN_EMPTY_BODY = YES;
				CLANG_WARN_ENUM_CONVERSION = YES;
				CLANG_WARN_INFINITE_RECURSION = YES;
				CLANG_WARN_INT_CONVERSION = YES;
				CLANG_WARN_NON_LITERAL_NULL_CONVERSION = YES;
				CLANG_WARN_OBJC_IMPLICIT_RETAIN_SELF = YES;
				CLANG_WARN_OBJC_LITERAL_CONVERSION = YES;
				CLANG_WARN_OBJC_ROOT_CLASS = YES_ERROR;
				CLANG_WARN_QUOTED_INCLUDE_IN_FRAMEWORK_HEADER = YES;
				CLANG_WARN_RANGE_LOOP_ANALYSIS = YES;
				CLANG_WARN_STRICT_PROTOTYPES = YES;
				CLANG_WARN_SUSPICIOUS_MOVE = YES;
				CLANG_WARN_UNGUARDED_AVAILABILITY = YES_AGGRESSIVE;
				CLANG_WARN_UNREACHABLE_CODE = YES;
				CLANG_WARN__DUPLICATE_METHOD_MATCH = YES;
				COPY_PHASE_STRIP = NO;
				DEBUG_INFORMATION_FORMAT = dwarf;
				ENABLE_STRICT_OBJC_MSGSEND = YES;
				ENABLE_TESTABILITY = YES;
				GCC_C_LANGUAGE_STANDARD = gnu11;
				GCC_DYNAMIC_NO_PIC = NO;
				GCC_NO_COMMON_BLOCKS = YES;
				GCC_OPTIMIZATION_LEVEL = 0;
				GCC_PREPROCESSOR_DEFINITIONS = (
					"DEBUG=1",
					"$(inherited)",
				);
				GCC_WARN_64_TO_32_BIT_CONVERSION = YES;
				GCC_WARN_ABOUT_RETURN_TYPE = YES_ERROR;
				GCC_WARN_UNDECLARED_SELECTOR = YES;
				GCC_WARN_UNINITIALIZED_AUTOS = YES_AGGRESSIVE;
				GCC_WARN_UNUSED_FUNCTION = YES;
				GCC_WARN_UNUSED_VARIABLE = YES;
				IPHONEOS_DEPLOYMENT_TARGET = 15.2;
				MTL_ENABLE_DEBUG_INFO = INCLUDE_SOURCE;
				MTL_FAST_MATH = YES;
				ONLY_ACTIVE_ARCH = YES;
				SDKROOT = iphoneos;
				SWIFT_ACTIVE_COMPILATION_CONDITIONS = DEBUG;
				SWIFT_OPTIMIZATION_LEVEL = "-Onone";
			};
			name = Debug;
		};
		650248B727D3AAEE00DCE969 /* Release */ = {
			isa = XCBuildConfiguration;
			buildSettings = {
				ALWAYS_SEARCH_USER_PATHS = NO;
				CLANG_ANALYZER_NONNULL = YES;
				CLANG_ANALYZER_NUMBER_OBJECT_CONVERSION = YES_AGGRESSIVE;
				CLANG_CXX_LANGUAGE_STANDARD = "gnu++17";
				CLANG_CXX_LIBRARY = "libc++";
				CLANG_ENABLE_MODULES = YES;
				CLANG_ENABLE_OBJC_ARC = YES;
				CLANG_ENABLE_OBJC_WEAK = YES;
				CLANG_WARN_BLOCK_CAPTURE_AUTORELEASING = YES;
				CLANG_WARN_BOOL_CONVERSION = YES;
				CLANG_WARN_COMMA = YES;
				CLANG_WARN_CONSTANT_CONVERSION = YES;
				CLANG_WARN_DEPRECATED_OBJC_IMPLEMENTATIONS = YES;
				CLANG_WARN_DIRECT_OBJC_ISA_USAGE = YES_ERROR;
				CLANG_WARN_DOCUMENTATION_COMMENTS = YES;
				CLANG_WARN_EMPTY_BODY = YES;
				CLANG_WARN_ENUM_CONVERSION = YES;
				CLANG_WARN_INFINITE_RECURSION = YES;
				CLANG_WARN_INT_CONVERSION = YES;
				CLANG_WARN_NON_LITERAL_NULL_CONVERSION = YES;
				CLANG_WARN_OBJC_IMPLICIT_RETAIN_SELF = YES;
				CLANG_WARN_OBJC_LITERAL_CONVERSION = YES;
				CLANG_WARN_OBJC_ROOT_CLASS = YES_ERROR;
				CLANG_WARN_QUOTED_INCLUDE_IN_FRAMEWORK_HEADER = YES;
				CLANG_WARN_RANGE_LOOP_ANALYSIS = YES;
				CLANG_WARN_STRICT_PROTOTYPES = YES;
				CLANG_WARN_SUSPICIOUS_MOVE = YES;
				CLANG_WARN_UNGUARDED_AVAILABILITY = YES_AGGRESSIVE;
				CLANG_WARN_UNREACHABLE_CODE = YES;
				CLANG_WARN__DUPLICATE_METHOD_MATCH = YES;
				COPY_PHASE_STRIP = NO;
				DEBUG_INFORMATION_FORMAT = "dwarf-with-dsym";
				ENABLE_NS_ASSERTIONS = NO;
				ENABLE_STRICT_OBJC_MSGSEND = YES;
				GCC_C_LANGUAGE_STANDARD = gnu11;
				GCC_NO_COMMON_BLOCKS = YES;
				GCC_WARN_64_TO_32_BIT_CONVERSION = YES;
				GCC_WARN_ABOUT_RETURN_TYPE = YES_ERROR;
				GCC_WARN_UNDECLARED_SELECTOR = YES;
				GCC_WARN_UNINITIALIZED_AUTOS = YES_AGGRESSIVE;
				GCC_WARN_UNUSED_FUNCTION = YES;
				GCC_WARN_UNUSED_VARIABLE = YES;
				IPHONEOS_DEPLOYMENT_TARGET = 15.2;
				MTL_ENABLE_DEBUG_INFO = NO;
				MTL_FAST_MATH = YES;
				SDKROOT = iphoneos;
				SWIFT_COMPILATION_MODE = wholemodule;
				SWIFT_OPTIMIZATION_LEVEL = "-O";
				VALIDATE_PRODUCT = YES;
			};
			name = Release;
		};
		650248B927D3AAEE00DCE969 /* Debug */ = {
			isa = XCBuildConfiguration;
			buildSettings = {
				ASSETCATALOG_COMPILER_APPICON_NAME = AppIcon;
				ASSETCATALOG_COMPILER_GLOBAL_ACCENT_COLOR_NAME = AccentColor;
				CODE_SIGN_STYLE = Automatic;
				CURRENT_PROJECT_VERSION = 1;
				DEVELOPMENT_TEAM = 6GK6PL55U2;
				GENERATE_INFOPLIST_FILE = YES;
				INFOPLIST_FILE = StartApp/Info.plist;
				INFOPLIST_KEY_UIApplicationSupportsIndirectInputEvents = YES;
				INFOPLIST_KEY_UILaunchStoryboardName = LaunchScreen;
				INFOPLIST_KEY_UIMainStoryboardFile = Main;
				INFOPLIST_KEY_UISupportedInterfaceOrientations_iPad = "UIInterfaceOrientationPortrait UIInterfaceOrientationPortraitUpsideDown UIInterfaceOrientationLandscapeLeft UIInterfaceOrientationLandscapeRight";
				INFOPLIST_KEY_UISupportedInterfaceOrientations_iPhone = "UIInterfaceOrientationPortrait UIInterfaceOrientationLandscapeLeft UIInterfaceOrientationLandscapeRight";
				IPHONEOS_DEPLOYMENT_TARGET = 13.2;
				LD_RUNPATH_SEARCH_PATHS = (
					"$(inherited)",
					"@executable_path/Frameworks",
				);
				MARKETING_VERSION = 1.0;
				PRODUCT_BUNDLE_IDENTIFIER = openbible.study.StartApp;
				PRODUCT_NAME = "$(TARGET_NAME)";
				SWIFT_EMIT_LOC_STRINGS = YES;
				SWIFT_VERSION = 5.0;
				TARGETED_DEVICE_FAMILY = 1;
			};
			name = Debug;
		};
		650248BA27D3AAEE00DCE969 /* Release */ = {
			isa = XCBuildConfiguration;
			buildSettings = {
				ASSETCATALOG_COMPILER_APPICON_NAME = AppIcon;
				ASSETCATALOG_COMPILER_GLOBAL_ACCENT_COLOR_NAME = AccentColor;
				CODE_SIGN_STYLE = Automatic;
				CURRENT_PROJECT_VERSION = 1;
				DEVELOPMENT_TEAM = 6GK6PL55U2;
				GENERATE_INFOPLIST_FILE = YES;
				INFOPLIST_FILE = StartApp/Info.plist;
				INFOPLIST_KEY_UIApplicationSupportsIndirectInputEvents = YES;
				INFOPLIST_KEY_UILaunchStoryboardName = LaunchScreen;
				INFOPLIST_KEY_UIMainStoryboardFile = Main;
				INFOPLIST_KEY_UISupportedInterfaceOrientations_iPad = "UIInterfaceOrientationPortrait UIInterfaceOrientationPortraitUpsideDown UIInterfaceOrientationLandscapeLeft UIInterfaceOrientationLandscapeRight";
				INFOPLIST_KEY_UISupportedInterfaceOrientations_iPhone = "UIInterfaceOrientationPortrait UIInterfaceOrientationLandscapeLeft UIInterfaceOrientationLandscapeRight";
				IPHONEOS_DEPLOYMENT_TARGET = 13.2;
				LD_RUNPATH_SEARCH_PATHS = (
					"$(inherited)",
					"@executable_path/Frameworks",
				);
				MARKETING_VERSION = 1.0;
				PRODUCT_BUNDLE_IDENTIFIER = openbible.study.StartApp;
				PRODUCT_NAME = "$(TARGET_NAME)";
				SWIFT_EMIT_LOC_STRINGS = YES;
				SWIFT_VERSION = 5.0;
				TARGETED_DEVICE_FAMILY = 1;
			};
			name = Release;
		};
		650248BC27D3AAEE00DCE969 /* Debug */ = {
			isa = XCBuildConfiguration;
			buildSettings = {
				ALWAYS_EMBED_SWIFT_STANDARD_LIBRARIES = YES;
				BUNDLE_LOADER = "$(TEST_HOST)";
				CODE_SIGN_STYLE = Automatic;
				CURRENT_PROJECT_VERSION = 1;
				DEVELOPMENT_TEAM = 6GK6PL55U2;
				GENERATE_INFOPLIST_FILE = YES;
				IPHONEOS_DEPLOYMENT_TARGET = 15.2;
				MARKETING_VERSION = 1.0;
				PRODUCT_BUNDLE_IDENTIFIER = openbible.study.StartAppTests;
				PRODUCT_NAME = "$(TARGET_NAME)";
				SWIFT_EMIT_LOC_STRINGS = NO;
				SWIFT_VERSION = 5.0;
				TARGETED_DEVICE_FAMILY = "1,2";
				TEST_HOST = "$(BUILT_PRODUCTS_DIR)/StartApp.app/StartApp";
			};
			name = Debug;
		};
		650248BD27D3AAEE00DCE969 /* Release */ = {
			isa = XCBuildConfiguration;
			buildSettings = {
				ALWAYS_EMBED_SWIFT_STANDARD_LIBRARIES = YES;
				BUNDLE_LOADER = "$(TEST_HOST)";
				CODE_SIGN_STYLE = Automatic;
				CURRENT_PROJECT_VERSION = 1;
				DEVELOPMENT_TEAM = 6GK6PL55U2;
				GENERATE_INFOPLIST_FILE = YES;
				IPHONEOS_DEPLOYMENT_TARGET = 15.2;
				MARKETING_VERSION = 1.0;
				PRODUCT_BUNDLE_IDENTIFIER = openbible.study.StartAppTests;
				PRODUCT_NAME = "$(TARGET_NAME)";
				SWIFT_EMIT_LOC_STRINGS = NO;
				SWIFT_VERSION = 5.0;
				TARGETED_DEVICE_FAMILY = "1,2";
				TEST_HOST = "$(BUILT_PRODUCTS_DIR)/StartApp.app/StartApp";
			};
			name = Release;
		};
		650248BF27D3AAEE00DCE969 /* Debug */ = {
			isa = XCBuildConfiguration;
			buildSettings = {
				ALWAYS_EMBED_SWIFT_STANDARD_LIBRARIES = YES;
				CODE_SIGN_STYLE = Automatic;
				CURRENT_PROJECT_VERSION = 1;
				DEVELOPMENT_TEAM = 6GK6PL55U2;
				GENERATE_INFOPLIST_FILE = YES;
				MARKETING_VERSION = 1.0;
				PRODUCT_BUNDLE_IDENTIFIER = openbible.study.StartAppUITests;
				PRODUCT_NAME = "$(TARGET_NAME)";
				SWIFT_EMIT_LOC_STRINGS = NO;
				SWIFT_VERSION = 5.0;
				TARGETED_DEVICE_FAMILY = "1,2";
				TEST_TARGET_NAME = StartApp;
			};
			name = Debug;
		};
		650248C027D3AAEE00DCE969 /* Release */ = {
			isa = XCBuildConfiguration;
			buildSettings = {
				ALWAYS_EMBED_SWIFT_STANDARD_LIBRARIES = YES;
				CODE_SIGN_STYLE = Automatic;
				CURRENT_PROJECT_VERSION = 1;
				DEVELOPMENT_TEAM = 6GK6PL55U2;
				GENERATE_INFOPLIST_FILE = YES;
				MARKETING_VERSION = 1.0;
				PRODUCT_BUNDLE_IDENTIFIER = openbible.study.StartAppUITests;
				PRODUCT_NAME = "$(TARGET_NAME)";
				SWIFT_EMIT_LOC_STRINGS = NO;
				SWIFT_VERSION = 5.0;
				TARGETED_DEVICE_FAMILY = "1,2";
				TEST_TARGET_NAME = StartApp;
			};
			name = Release;
		};
/* End XCBuildConfiguration section */

/* Begin XCConfigurationList section */
		6502488927D3AAED00DCE969 /* Build configuration list for PBXProject "StartApp" */ = {
			isa = XCConfigurationList;
			buildConfigurations = (
				650248B627D3AAEE00DCE969 /* Debug */,
				650248B727D3AAEE00DCE969 /* Release */,
			);
			defaultConfigurationIsVisible = 0;
			defaultConfigurationName = Release;
		};
		650248B827D3AAEE00DCE969 /* Build configuration list for PBXNativeTarget "StartApp" */ = {
			isa = XCConfigurationList;
			buildConfigurations = (
				650248B927D3AAEE00DCE969 /* Debug */,
				650248BA27D3AAEE00DCE969 /* Release */,
			);
			defaultConfigurationIsVisible = 0;
			defaultConfigurationName = Release;
		};
		650248BB27D3AAEE00DCE969 /* Build configuration list for PBXNativeTarget "StartAppTests" */ = {
			isa = XCConfigurationList;
			buildConfigurations = (
				650248BC27D3AAEE00DCE969 /* Debug */,
				650248BD27D3AAEE00DCE969 /* Release */,
			);
			defaultConfigurationIsVisible = 0;
			defaultConfigurationName = Release;
		};
		650248BE27D3AAEE00DCE969 /* Build configuration list for PBXNativeTarget "StartAppUITests" */ = {
			isa = XCConfigurationList;
			buildConfigurations = (
				650248BF27D3AAEE00DCE969 /* Debug */,
				650248C027D3AAEE00DCE969 /* Release */,
			);
			defaultConfigurationIsVisible = 0;
			defaultConfigurationName = Release;
		};
/* End XCConfigurationList section */
	};
	rootObject = 6502488627D3AAED00DCE969 /* Project object */;
}
