// !$*UTF8*$!
{
	archiveVersion = 1;
	classes = {
	};
	objectVersion = 55;
	objects = {

/* Begin PBXBuildFile section */
		658E8F4A28A1417800948DC0 /* AppDelegate.swift in Sources */ = {isa = PBXBuildFile; fileRef = 658E8F4928A1417800948DC0 /* AppDelegate.swift */; };
		658E8F4C28A1417800948DC0 /* SceneDelegate.swift in Sources */ = {isa = PBXBuildFile; fileRef = 658E8F4B28A1417800948DC0 /* SceneDelegate.swift */; };
		658E8F4E28A1417800948DC0 /* ViewController.swift in Sources */ = {isa = PBXBuildFile; fileRef = 658E8F4D28A1417800948DC0 /* ViewController.swift */; };
		658E8F5128A1417800948DC0 /* Main.storyboard in Resources */ = {isa = PBXBuildFile; fileRef = 658E8F4F28A1417800948DC0 /* Main.storyboard */; };
		658E8F5328A1417900948DC0 /* Assets.xcassets in Resources */ = {isa = PBXBuildFile; fileRef = 658E8F5228A1417900948DC0 /* Assets.xcassets */; };
		658E8F5628A1417900948DC0 /* LaunchScreen.storyboard in Resources */ = {isa = PBXBuildFile; fileRef = 658E8F5428A1417900948DC0 /* LaunchScreen.storyboard */; };
		658E8F6128A1417900948DC0 /* CalendarMemoTests.swift in Sources */ = {isa = PBXBuildFile; fileRef = 658E8F6028A1417900948DC0 /* CalendarMemoTests.swift */; };
		658E8F6B28A1417900948DC0 /* CalendarMemoUITests.swift in Sources */ = {isa = PBXBuildFile; fileRef = 658E8F6A28A1417900948DC0 /* CalendarMemoUITests.swift */; };
		658E8F6D28A1417900948DC0 /* CalendarMemoUITestsLaunchTests.swift in Sources */ = {isa = PBXBuildFile; fileRef = 658E8F6C28A1417900948DC0 /* CalendarMemoUITestsLaunchTests.swift */; };
/* End PBXBuildFile section */

/* Begin PBXContainerItemProxy section */
		658E8F5D28A1417900948DC0 /* PBXContainerItemProxy */ = {
			isa = PBXContainerItemProxy;
			containerPortal = 658E8F3E28A1417800948DC0 /* Project object */;
			proxyType = 1;
			remoteGlobalIDString = 658E8F4528A1417800948DC0;
			remoteInfo = CalendarMemo;
		};
		658E8F6728A1417900948DC0 /* PBXContainerItemProxy */ = {
			isa = PBXContainerItemProxy;
			containerPortal = 658E8F3E28A1417800948DC0 /* Project object */;
			proxyType = 1;
			remoteGlobalIDString = 658E8F4528A1417800948DC0;
			remoteInfo = CalendarMemo;
		};
/* End PBXContainerItemProxy section */

/* Begin PBXFileReference section */
		658E8F4628A1417800948DC0 /* CalendarMemo.app */ = {isa = PBXFileReference; explicitFileType = wrapper.application; includeInIndex = 0; path = CalendarMemo.app; sourceTree = BUILT_PRODUCTS_DIR; };
		658E8F4928A1417800948DC0 /* AppDelegate.swift */ = {isa = PBXFileReference; lastKnownFileType = sourcecode.swift; path = AppDelegate.swift; sourceTree = "<group>"; };
		658E8F4B28A1417800948DC0 /* SceneDelegate.swift */ = {isa = PBXFileReference; lastKnownFileType = sourcecode.swift; path = SceneDelegate.swift; sourceTree = "<group>"; };
		658E8F4D28A1417800948DC0 /* ViewController.swift */ = {isa = PBXFileReference; lastKnownFileType = sourcecode.swift; path = ViewController.swift; sourceTree = "<group>"; };
		658E8F5028A1417800948DC0 /* Base */ = {isa = PBXFileReference; lastKnownFileType = file.storyboard; name = Base; path = Base.lproj/Main.storyboard; sourceTree = "<group>"; };
		658E8F5228A1417900948DC0 /* Assets.xcassets */ = {isa = PBXFileReference; lastKnownFileType = folder.assetcatalog; path = Assets.xcassets; sourceTree = "<group>"; };
		658E8F5528A1417900948DC0 /* Base */ = {isa = PBXFileReference; lastKnownFileType = file.storyboard; name = Base; path = Base.lproj/LaunchScreen.storyboard; sourceTree = "<group>"; };
		658E8F5728A1417900948DC0 /* Info.plist */ = {isa = PBXFileReference; lastKnownFileType = text.plist.xml; path = Info.plist; sourceTree = "<group>"; };
		658E8F5C28A1417900948DC0 /* CalendarMemoTests.xctest */ = {isa = PBXFileReference; explicitFileType = wrapper.cfbundle; includeInIndex = 0; path = CalendarMemoTests.xctest; sourceTree = BUILT_PRODUCTS_DIR; };
		658E8F6028A1417900948DC0 /* CalendarMemoTests.swift */ = {isa = PBXFileReference; lastKnownFileType = sourcecode.swift; path = CalendarMemoTests.swift; sourceTree = "<group>"; };
		658E8F6628A1417900948DC0 /* CalendarMemoUITests.xctest */ = {isa = PBXFileReference; explicitFileType = wrapper.cfbundle; includeInIndex = 0; path = CalendarMemoUITests.xctest; sourceTree = BUILT_PRODUCTS_DIR; };
		658E8F6A28A1417900948DC0 /* CalendarMemoUITests.swift */ = {isa = PBXFileReference; lastKnownFileType = sourcecode.swift; path = CalendarMemoUITests.swift; sourceTree = "<group>"; };
		658E8F6C28A1417900948DC0 /* CalendarMemoUITestsLaunchTests.swift */ = {isa = PBXFileReference; lastKnownFileType = sourcecode.swift; path = CalendarMemoUITestsLaunchTests.swift; sourceTree = "<group>"; };
/* End PBXFileReference section */

/* Begin PBXFrameworksBuildPhase section */
		658E8F4328A1417800948DC0 /* Frameworks */ = {
			isa = PBXFrameworksBuildPhase;
			buildActionMask = 2147483647;
			files = (
			);
			runOnlyForDeploymentPostprocessing = 0;
		};
		658E8F5928A1417900948DC0 /* Frameworks */ = {
			isa = PBXFrameworksBuildPhase;
			buildActionMask = 2147483647;
			files = (
			);
			runOnlyForDeploymentPostprocessing = 0;
		};
		658E8F6328A1417900948DC0 /* Frameworks */ = {
			isa = PBXFrameworksBuildPhase;
			buildActionMask = 2147483647;
			files = (
			);
			runOnlyForDeploymentPostprocessing = 0;
		};
/* End PBXFrameworksBuildPhase section */

/* Begin PBXGroup section */
		658E8F3D28A1417800948DC0 = {
			isa = PBXGroup;
			children = (
				658E8F4828A1417800948DC0 /* CalendarMemo */,
				658E8F5F28A1417900948DC0 /* CalendarMemoTests */,
				658E8F6928A1417900948DC0 /* CalendarMemoUITests */,
				658E8F4728A1417800948DC0 /* Products */,
			);
			sourceTree = "<group>";
		};
		658E8F4728A1417800948DC0 /* Products */ = {
			isa = PBXGroup;
			children = (
				658E8F4628A1417800948DC0 /* CalendarMemo.app */,
				658E8F5C28A1417900948DC0 /* CalendarMemoTests.xctest */,
				658E8F6628A1417900948DC0 /* CalendarMemoUITests.xctest */,
			);
			name = Products;
			sourceTree = "<group>";
		};
		658E8F4828A1417800948DC0 /* CalendarMemo */ = {
			isa = PBXGroup;
			children = (
				658E8F7928A1443C00948DC0 /* main */,
				658E8F4928A1417800948DC0 /* AppDelegate.swift */,
				658E8F4B28A1417800948DC0 /* SceneDelegate.swift */,
				658E8F5228A1417900948DC0 /* Assets.xcassets */,
				658E8F5428A1417900948DC0 /* LaunchScreen.storyboard */,
				658E8F5728A1417900948DC0 /* Info.plist */,
			);
			path = CalendarMemo;
			sourceTree = "<group>";
		};
		658E8F5F28A1417900948DC0 /* CalendarMemoTests */ = {
			isa = PBXGroup;
			children = (
				658E8F6028A1417900948DC0 /* CalendarMemoTests.swift */,
			);
			path = CalendarMemoTests;
			sourceTree = "<group>";
		};
		658E8F6928A1417900948DC0 /* CalendarMemoUITests */ = {
			isa = PBXGroup;
			children = (
				658E8F6A28A1417900948DC0 /* CalendarMemoUITests.swift */,
				658E8F6C28A1417900948DC0 /* CalendarMemoUITestsLaunchTests.swift */,
			);
			path = CalendarMemoUITests;
			sourceTree = "<group>";
		};
		658E8F7928A1443C00948DC0 /* main */ = {
			isa = PBXGroup;
			children = (
				658E8F4D28A1417800948DC0 /* ViewController.swift */,
				658E8F4F28A1417800948DC0 /* Main.storyboard */,
			);
			path = main;
			sourceTree = "<group>";
		};
/* End PBXGroup section */

/* Begin PBXNativeTarget section */
		658E8F4528A1417800948DC0 /* CalendarMemo */ = {
			isa = PBXNativeTarget;
			buildConfigurationList = 658E8F7028A1417900948DC0 /* Build configuration list for PBXNativeTarget "CalendarMemo" */;
			buildPhases = (
				658E8F4228A1417800948DC0 /* Sources */,
				658E8F4328A1417800948DC0 /* Frameworks */,
				658E8F4428A1417800948DC0 /* Resources */,
			);
			buildRules = (
			);
			dependencies = (
			);
			name = CalendarMemo;
			productName = CalendarMemo;
			productReference = 658E8F4628A1417800948DC0 /* CalendarMemo.app */;
			productType = "com.apple.product-type.application";
		};
		658E8F5B28A1417900948DC0 /* CalendarMemoTests */ = {
			isa = PBXNativeTarget;
			buildConfigurationList = 658E8F7328A1417900948DC0 /* Build configuration list for PBXNativeTarget "CalendarMemoTests" */;
			buildPhases = (
				658E8F5828A1417900948DC0 /* Sources */,
				658E8F5928A1417900948DC0 /* Frameworks */,
				658E8F5A28A1417900948DC0 /* Resources */,
			);
			buildRules = (
			);
			dependencies = (
				658E8F5E28A1417900948DC0 /* PBXTargetDependency */,
			);
			name = CalendarMemoTests;
			productName = CalendarMemoTests;
			productReference = 658E8F5C28A1417900948DC0 /* CalendarMemoTests.xctest */;
			productType = "com.apple.product-type.bundle.unit-test";
		};
		658E8F6528A1417900948DC0 /* CalendarMemoUITests */ = {
			isa = PBXNativeTarget;
			buildConfigurationList = 658E8F7628A1417900948DC0 /* Build configuration list for PBXNativeTarget "CalendarMemoUITests" */;
			buildPhases = (
				658E8F6228A1417900948DC0 /* Sources */,
				658E8F6328A1417900948DC0 /* Frameworks */,
				658E8F6428A1417900948DC0 /* Resources */,
			);
			buildRules = (
			);
			dependencies = (
				658E8F6828A1417900948DC0 /* PBXTargetDependency */,
			);
			name = CalendarMemoUITests;
			productName = CalendarMemoUITests;
			productReference = 658E8F6628A1417900948DC0 /* CalendarMemoUITests.xctest */;
			productType = "com.apple.product-type.bundle.ui-testing";
		};
/* End PBXNativeTarget section */

/* Begin PBXProject section */
		658E8F3E28A1417800948DC0 /* Project object */ = {
			isa = PBXProject;
			attributes = {
				BuildIndependentTargetsInParallel = 1;
				LastSwiftUpdateCheck = 1330;
				LastUpgradeCheck = 1330;
				TargetAttributes = {
					658E8F4528A1417800948DC0 = {
						CreatedOnToolsVersion = 13.3.1;
					};
					658E8F5B28A1417900948DC0 = {
						CreatedOnToolsVersion = 13.3.1;
						TestTargetID = 658E8F4528A1417800948DC0;
					};
					658E8F6528A1417900948DC0 = {
						CreatedOnToolsVersion = 13.3.1;
						TestTargetID = 658E8F4528A1417800948DC0;
					};
				};
			};
			buildConfigurationList = 658E8F4128A1417800948DC0 /* Build configuration list for PBXProject "CalendarMemo" */;
			compatibilityVersion = "Xcode 13.0";
			developmentRegion = en;
			hasScannedForEncodings = 0;
			knownRegions = (
				en,
				Base,
			);
			mainGroup = 658E8F3D28A1417800948DC0;
			productRefGroup = 658E8F4728A1417800948DC0 /* Products */;
			projectDirPath = "";
			projectRoot = "";
			targets = (
				658E8F4528A1417800948DC0 /* CalendarMemo */,
				658E8F5B28A1417900948DC0 /* CalendarMemoTests */,
				658E8F6528A1417900948DC0 /* CalendarMemoUITests */,
			);
		};
/* End PBXProject section */

/* Begin PBXResourcesBuildPhase section */
		658E8F4428A1417800948DC0 /* Resources */ = {
			isa = PBXResourcesBuildPhase;
			buildActionMask = 2147483647;
			files = (
				658E8F5628A1417900948DC0 /* LaunchScreen.storyboard in Resources */,
				658E8F5328A1417900948DC0 /* Assets.xcassets in Resources */,
				658E8F5128A1417800948DC0 /* Main.storyboard in Resources */,
			);
			runOnlyForDeploymentPostprocessing = 0;
		};
		658E8F5A28A1417900948DC0 /* Resources */ = {
			isa = PBXResourcesBuildPhase;
			buildActionMask = 2147483647;
			files = (
			);
			runOnlyForDeploymentPostprocessing = 0;
		};
		658E8F6428A1417900948DC0 /* Resources */ = {
			isa = PBXResourcesBuildPhase;
			buildActionMask = 2147483647;
			files = (
			);
			runOnlyForDeploymentPostprocessing = 0;
		};
/* End PBXResourcesBuildPhase section */

/* Begin PBXSourcesBuildPhase section */
		658E8F4228A1417800948DC0 /* Sources */ = {
			isa = PBXSourcesBuildPhase;
			buildActionMask = 2147483647;
			files = (
				658E8F4E28A1417800948DC0 /* ViewController.swift in Sources */,
				658E8F4A28A1417800948DC0 /* AppDelegate.swift in Sources */,
				658E8F4C28A1417800948DC0 /* SceneDelegate.swift in Sources */,
			);
			runOnlyForDeploymentPostprocessing = 0;
		};
		658E8F5828A1417900948DC0 /* Sources */ = {
			isa = PBXSourcesBuildPhase;
			buildActionMask = 2147483647;
			files = (
				658E8F6128A1417900948DC0 /* CalendarMemoTests.swift in Sources */,
			);
			runOnlyForDeploymentPostprocessing = 0;
		};
		658E8F6228A1417900948DC0 /* Sources */ = {
			isa = PBXSourcesBuildPhase;
			buildActionMask = 2147483647;
			files = (
				658E8F6D28A1417900948DC0 /* CalendarMemoUITestsLaunchTests.swift in Sources */,
				658E8F6B28A1417900948DC0 /* CalendarMemoUITests.swift in Sources */,
			);
			runOnlyForDeploymentPostprocessing = 0;
		};
/* End PBXSourcesBuildPhase section */

/* Begin PBXTargetDependency section */
		658E8F5E28A1417900948DC0 /* PBXTargetDependency */ = {
			isa = PBXTargetDependency;
			target = 658E8F4528A1417800948DC0 /* CalendarMemo */;
			targetProxy = 658E8F5D28A1417900948DC0 /* PBXContainerItemProxy */;
		};
		658E8F6828A1417900948DC0 /* PBXTargetDependency */ = {
			isa = PBXTargetDependency;
			target = 658E8F4528A1417800948DC0 /* CalendarMemo */;
			targetProxy = 658E8F6728A1417900948DC0 /* PBXContainerItemProxy */;
		};
/* End PBXTargetDependency section */

/* Begin PBXVariantGroup section */
		658E8F4F28A1417800948DC0 /* Main.storyboard */ = {
			isa = PBXVariantGroup;
			children = (
				658E8F5028A1417800948DC0 /* Base */,
			);
			name = Main.storyboard;
			sourceTree = "<group>";
		};
		658E8F5428A1417900948DC0 /* LaunchScreen.storyboard */ = {
			isa = PBXVariantGroup;
			children = (
				658E8F5528A1417900948DC0 /* Base */,
			);
			name = LaunchScreen.storyboard;
			sourceTree = "<group>";
		};
/* End PBXVariantGroup section */

/* Begin XCBuildConfiguration section */
		658E8F6E28A1417900948DC0 /* Debug */ = {
			isa = XCBuildConfiguration;
			buildSettings = {
				ALWAYS_SEARCH_USER_PATHS = NO;
				CLANG_ANALYZER_NONNULL = YES;
				CLANG_ANALYZER_NUMBER_OBJECT_CONVERSION = YES_AGGRESSIVE;
				CLANG_CXX_LANGUAGE_STANDARD = "gnu++17";
				CLANG_ENABLE_MODULES = YES;
				CLANG_ENABLE_OBJC_ARC = YES;
				CLANG_ENABLE_OBJC_WEAK = YES;
				CLANG_WARN_BLOCK_CAPTURE_AUTORELEASING = YES;
				CLANG_WARN_BOOL_CONVERSION = YES;
				CLANG_WARN_COMMA = YES;
				CLANG_WARN_CONSTANT_CONVERSION = YES;
				CLANG_WARN_DEPRECATED_OBJC_IMPLEMENTATIONS = YES;
				CLANG_WARN_DIRECT_OBJC_ISA_USAGE = YES_ERROR;
				CLANG_WARN_DOCUMENTATION_COMMENTS = YES;
				CLANG_WARN_EMPTY_BODY = YES;
				CLANG_WARN_ENUM_CONVERSION = YES;
				CLANG_WARN_INFINITE_RECURSION = YES;
				CLANG_WARN_INT_CONVERSION = YES;
				CLANG_WARN_NON_LITERAL_NULL_CONVERSION = YES;
				CLANG_WARN_OBJC_IMPLICIT_RETAIN_SELF = YES;
				CLANG_WARN_OBJC_LITERAL_CONVERSION = YES;
				CLANG_WARN_OBJC_ROOT_CLASS = YES_ERROR;
				CLANG_WARN_QUOTED_INCLUDE_IN_FRAMEWORK_HEADER = YES;
				CLANG_WARN_RANGE_LOOP_ANALYSIS = YES;
				CLANG_WARN_STRICT_PROTOTYPES = YES;
				CLANG_WARN_SUSPICIOUS_MOVE = YES;
				CLANG_WARN_UNGUARDED_AVAILABILITY = YES_AGGRESSIVE;
				CLANG_WARN_UNREACHABLE_CODE = YES;
				CLANG_WARN__DUPLICATE_METHOD_MATCH = YES;
				COPY_PHASE_STRIP = NO;
				DEBUG_INFORMATION_FORMAT = dwarf;
				ENABLE_STRICT_OBJC_MSGSEND = YES;
				ENABLE_TESTABILITY = YES;
				GCC_C_LANGUAGE_STANDARD = gnu11;
				GCC_DYNAMIC_NO_PIC = NO;
				GCC_NO_COMMON_BLOCKS = YES;
				GCC_OPTIMIZATION_LEVEL = 0;
				GCC_PREPROCESSOR_DEFINITIONS = (
					"DEBUG=1",
					"$(inherited)",
				);
				GCC_WARN_64_TO_32_BIT_CONVERSION = YES;
				GCC_WARN_ABOUT_RETURN_TYPE = YES_ERROR;
				GCC_WARN_UNDECLARED_SELECTOR = YES;
				GCC_WARN_UNINITIALIZED_AUTOS = YES_AGGRESSIVE;
				GCC_WARN_UNUSED_FUNCTION = YES;
				GCC_WARN_UNUSED_VARIABLE = YES;
				IPHONEOS_DEPLOYMENT_TARGET = 15.4;
				MTL_ENABLE_DEBUG_INFO = INCLUDE_SOURCE;
				MTL_FAST_MATH = YES;
				ONLY_ACTIVE_ARCH = YES;
				SDKROOT = iphoneos;
				SWIFT_ACTIVE_COMPILATION_CONDITIONS = DEBUG;
				SWIFT_OPTIMIZATION_LEVEL = "-Onone";
			};
			name = Debug;
		};
		658E8F6F28A1417900948DC0 /* Release */ = {
			isa = XCBuildConfiguration;
			buildSettings = {
				ALWAYS_SEARCH_USER_PATHS = NO;
				CLANG_ANALYZER_NONNULL = YES;
				CLANG_ANALYZER_NUMBER_OBJECT_CONVERSION = YES_AGGRESSIVE;
				CLANG_CXX_LANGUAGE_STANDARD = "gnu++17";
				CLANG_ENABLE_MODULES = YES;
				CLANG_ENABLE_OBJC_ARC = YES;
				CLANG_ENABLE_OBJC_WEAK = YES;
				CLANG_WARN_BLOCK_CAPTURE_AUTORELEASING = YES;
				CLANG_WARN_BOOL_CONVERSION = YES;
				CLANG_WARN_COMMA = YES;
				CLANG_WARN_CONSTANT_CONVERSION = YES;
				CLANG_WARN_DEPRECATED_OBJC_IMPLEMENTATIONS = YES;
				CLANG_WARN_DIRECT_OBJC_ISA_USAGE = YES_ERROR;
				CLANG_WARN_DOCUMENTATION_COMMENTS = YES;
				CLANG_WARN_EMPTY_BODY = YES;
				CLANG_WARN_ENUM_CONVERSION = YES;
				CLANG_WARN_INFINITE_RECURSION = YES;
				CLANG_WARN_INT_CONVERSION = YES;
				CLANG_WARN_NON_LITERAL_NULL_CONVERSION = YES;
				CLANG_WARN_OBJC_IMPLICIT_RETAIN_SELF = YES;
				CLANG_WARN_OBJC_LITERAL_CONVERSION = YES;
				CLANG_WARN_OBJC_ROOT_CLASS = YES_ERROR;
				CLANG_WARN_QUOTED_INCLUDE_IN_FRAMEWORK_HEADER = YES;
				CLANG_WARN_RANGE_LOOP_ANALYSIS = YES;
				CLANG_WARN_STRICT_PROTOTYPES = YES;
				CLANG_WARN_SUSPICIOUS_MOVE = YES;
				CLANG_WARN_UNGUARDED_AVAILABILITY = YES_AGGRESSIVE;
				CLANG_WARN_UNREACHABLE_CODE = YES;
				CLANG_WARN__DUPLICATE_METHOD_MATCH = YES;
				COPY_PHASE_STRIP = NO;
				DEBUG_INFORMATION_FORMAT = "dwarf-with-dsym";
				ENABLE_NS_ASSERTIONS = NO;
				ENABLE_STRICT_OBJC_MSGSEND = YES;
				GCC_C_LANGUAGE_STANDARD = gnu11;
				GCC_NO_COMMON_BLOCKS = YES;
				GCC_WARN_64_TO_32_BIT_CONVERSION = YES;
				GCC_WARN_ABOUT_RETURN_TYPE = YES_ERROR;
				GCC_WARN_UNDECLARED_SELECTOR = YES;
				GCC_WARN_UNINITIALIZED_AUTOS = YES_AGGRESSIVE;
				GCC_WARN_UNUSED_FUNCTION = YES;
				GCC_WARN_UNUSED_VARIABLE = YES;
				IPHONEOS_DEPLOYMENT_TARGET = 15.4;
				MTL_ENABLE_DEBUG_INFO = NO;
				MTL_FAST_MATH = YES;
				SDKROOT = iphoneos;
				SWIFT_COMPILATION_MODE = wholemodule;
				SWIFT_OPTIMIZATION_LEVEL = "-O";
				VALIDATE_PRODUCT = YES;
			};
			name = Release;
		};
		658E8F7128A1417900948DC0 /* Debug */ = {
			isa = XCBuildConfiguration;
			buildSettings = {
				ASSETCATALOG_COMPILER_APPICON_NAME = AppIcon;
				ASSETCATALOG_COMPILER_GLOBAL_ACCENT_COLOR_NAME = AccentColor;
				CODE_SIGN_STYLE = Automatic;
				CURRENT_PROJECT_VERSION = 1;
				DEVELOPMENT_TEAM = 6GK6PL55U2;
				GENERATE_INFOPLIST_FILE = YES;
				INFOPLIST_FILE = CalendarMemo/Info.plist;
				INFOPLIST_KEY_UIApplicationSupportsIndirectInputEvents = YES;
				INFOPLIST_KEY_UILaunchStoryboardName = LaunchScreen;
				INFOPLIST_KEY_UIMainStoryboardFile = Main;
				INFOPLIST_KEY_UISupportedInterfaceOrientations_iPad = "UIInterfaceOrientationPortrait UIInterfaceOrientationPortraitUpsideDown UIInterfaceOrientationLandscapeLeft UIInterfaceOrientationLandscapeRight";
				INFOPLIST_KEY_UISupportedInterfaceOrientations_iPhone = "UIInterfaceOrientationPortrait UIInterfaceOrientationLandscapeLeft UIInterfaceOrientationLandscapeRight";
				LD_RUNPATH_SEARCH_PATHS = (
					"$(inherited)",
					"@executable_path/Frameworks",
				);
				MARKETING_VERSION = 1.0;
				PRODUCT_BUNDLE_IDENTIFIER = openbible.study.CalendarMemo;
				PRODUCT_NAME = "$(TARGET_NAME)";
				SWIFT_EMIT_LOC_STRINGS = YES;
				SWIFT_VERSION = 5.0;
				TARGETED_DEVICE_FAMILY = 1;
			};
			name = Debug;
		};
		658E8F7228A1417900948DC0 /* Release */ = {
			isa = XCBuildConfiguration;
			buildSettings = {
				ASSETCATALOG_COMPILER_APPICON_NAME = AppIcon;
				ASSETCATALOG_COMPILER_GLOBAL_ACCENT_COLOR_NAME = AccentColor;
				CODE_SIGN_STYLE = Automatic;
				CURRENT_PROJECT_VERSION = 1;
				DEVELOPMENT_TEAM = 6GK6PL55U2;
				GENERATE_INFOPLIST_FILE = YES;
				INFOPLIST_FILE = CalendarMemo/Info.plist;
				INFOPLIST_KEY_UIApplicationSupportsIndirectInputEvents = YES;
				INFOPLIST_KEY_UILaunchStoryboardName = LaunchScreen;
				INFOPLIST_KEY_UIMainStoryboardFile = Main;
				INFOPLIST_KEY_UISupportedInterfaceOrientations_iPad = "UIInterfaceOrientationPortrait UIInterfaceOrientationPortraitUpsideDown UIInterfaceOrientationLandscapeLeft UIInterfaceOrientationLandscapeRight";
				INFOPLIST_KEY_UISupportedInterfaceOrientations_iPhone = "UIInterfaceOrientationPortrait UIInterfaceOrientationLandscapeLeft UIInterfaceOrientationLandscapeRight";
				LD_RUNPATH_SEARCH_PATHS = (
					"$(inherited)",
					"@executable_path/Frameworks",
				);
				MARKETING_VERSION = 1.0;
				PRODUCT_BUNDLE_IDENTIFIER = openbible.study.CalendarMemo;
				PRODUCT_NAME = "$(TARGET_NAME)";
				SWIFT_EMIT_LOC_STRINGS = YES;
				SWIFT_VERSION = 5.0;
				TARGETED_DEVICE_FAMILY = 1;
			};
			name = Release;
		};
		658E8F7428A1417900948DC0 /* Debug */ = {
			isa = XCBuildConfiguration;
			buildSettings = {
				ALWAYS_EMBED_SWIFT_STANDARD_LIBRARIES = YES;
				BUNDLE_LOADER = "$(TEST_HOST)";
				CODE_SIGN_STYLE = Automatic;
				CURRENT_PROJECT_VERSION = 1;
				DEVELOPMENT_TEAM = 6GK6PL55U2;
				GENERATE_INFOPLIST_FILE = YES;
				IPHONEOS_DEPLOYMENT_TARGET = 15.4;
				MARKETING_VERSION = 1.0;
				PRODUCT_BUNDLE_IDENTIFIER = openbible.study.CalendarMemoTests;
				PRODUCT_NAME = "$(TARGET_NAME)";
				SWIFT_EMIT_LOC_STRINGS = NO;
				SWIFT_VERSION = 5.0;
				TARGETED_DEVICE_FAMILY = "1,2";
				TEST_HOST = "$(BUILT_PRODUCTS_DIR)/CalendarMemo.app/CalendarMemo";
			};
			name = Debug;
		};
		658E8F7528A1417900948DC0 /* Release */ = {
			isa = XCBuildConfiguration;
			buildSettings = {
				ALWAYS_EMBED_SWIFT_STANDARD_LIBRARIES = YES;
				BUNDLE_LOADER = "$(TEST_HOST)";
				CODE_SIGN_STYLE = Automatic;
				CURRENT_PROJECT_VERSION = 1;
				DEVELOPMENT_TEAM = 6GK6PL55U2;
				GENERATE_INFOPLIST_FILE = YES;
				IPHONEOS_DEPLOYMENT_TARGET = 15.4;
				MARKETING_VERSION = 1.0;
				PRODUCT_BUNDLE_IDENTIFIER = openbible.study.CalendarMemoTests;
				PRODUCT_NAME = "$(TARGET_NAME)";
				SWIFT_EMIT_LOC_STRINGS = NO;
				SWIFT_VERSION = 5.0;
				TARGETED_DEVICE_FAMILY = "1,2";
				TEST_HOST = "$(BUILT_PRODUCTS_DIR)/CalendarMemo.app/CalendarMemo";
			};
			name = Release;
		};
		658E8F7728A1417900948DC0 /* Debug */ = {
			isa = XCBuildConfiguration;
			buildSettings = {
				ALWAYS_EMBED_SWIFT_STANDARD_LIBRARIES = YES;
				CODE_SIGN_STYLE = Automatic;
				CURRENT_PROJECT_VERSION = 1;
				DEVELOPMENT_TEAM = 6GK6PL55U2;
				GENERATE_INFOPLIST_FILE = YES;
				MARKETING_VERSION = 1.0;
				PRODUCT_BUNDLE_IDENTIFIER = openbible.study.CalendarMemoUITests;
				PRODUCT_NAME = "$(TARGET_NAME)";
				SWIFT_EMIT_LOC_STRINGS = NO;
				SWIFT_VERSION = 5.0;
				TARGETED_DEVICE_FAMILY = "1,2";
				TEST_TARGET_NAME = CalendarMemo;
			};
			name = Debug;
		};
		658E8F7828A1417900948DC0 /* Release */ = {
			isa = XCBuildConfiguration;
			buildSettings = {
				ALWAYS_EMBED_SWIFT_STANDARD_LIBRARIES = YES;
				CODE_SIGN_STYLE = Automatic;
				CURRENT_PROJECT_VERSION = 1;
				DEVELOPMENT_TEAM = 6GK6PL55U2;
				GENERATE_INFOPLIST_FILE = YES;
				MARKETING_VERSION = 1.0;
				PRODUCT_BUNDLE_IDENTIFIER = openbible.study.CalendarMemoUITests;
				PRODUCT_NAME = "$(TARGET_NAME)";
				SWIFT_EMIT_LOC_STRINGS = NO;
				SWIFT_VERSION = 5.0;
				TARGETED_DEVICE_FAMILY = "1,2";
				TEST_TARGET_NAME = CalendarMemo;
			};
			name = Release;
		};
/* End XCBuildConfiguration section */

/* Begin XCConfigurationList section */
		658E8F4128A1417800948DC0 /* Build configuration list for PBXProject "CalendarMemo" */ = {
			isa = XCConfigurationList;
			buildConfigurations = (
				658E8F6E28A1417900948DC0 /* Debug */,
				658E8F6F28A1417900948DC0 /* Release */,
			);
			defaultConfigurationIsVisible = 0;
			defaultConfigurationName = Release;
		};
		658E8F7028A1417900948DC0 /* Build configuration list for PBXNativeTarget "CalendarMemo" */ = {
			isa = XCConfigurationList;
			buildConfigurations = (
				658E8F7128A1417900948DC0 /* Debug */,
				658E8F7228A1417900948DC0 /* Release */,
			);
			defaultConfigurationIsVisible = 0;
			defaultConfigurationName = Release;
		};
		658E8F7328A1417900948DC0 /* Build configuration list for PBXNativeTarget "CalendarMemoTests" */ = {
			isa = XCConfigurationList;
			buildConfigurations = (
				658E8F7428A1417900948DC0 /* Debug */,
				658E8F7528A1417900948DC0 /* Release */,
			);
			defaultConfigurationIsVisible = 0;
			defaultConfigurationName = Release;
		};
		658E8F7628A1417900948DC0 /* Build configuration list for PBXNativeTarget "CalendarMemoUITests" */ = {
			isa = XCConfigurationList;
			buildConfigurations = (
				658E8F7728A1417900948DC0 /* Debug */,
				658E8F7828A1417900948DC0 /* Release */,
			);
			defaultConfigurationIsVisible = 0;
			defaultConfigurationName = Release;
		};
/* End XCConfigurationList section */
	};
	rootObject = 658E8F3E28A1417800948DC0 /* Project object */;
}
